
Microsoft Visual Studio Solution File, Format Version 12.00
# Visual Studio Version 17
VisualStudioVersion = 17.1.32228.430
MinimumVisualStudioVersion = 10.0.40219.1
Project("{2150E333-8FDC-42A3-9474-1A3956D46DE8}") = "Domain", "Domain", "{7F5B5234-D8C5-4ED9-8C1C-7BCCF85C53AC}"
EndProject
Project("{2150E333-8FDC-42A3-9474-1A3956D46DE8}") = "Application", "Application", "{BA86B7E3-1DAC-4A72-8A75-D75AB1B76C55}"
EndProject
Project("{2150E333-8FDC-42A3-9474-1A3956D46DE8}") = "Infra", "Infra", "{200885BE-A0B1-4CE5-ACCE-2791F3E8B204}"
EndProject
Project("{2150E333-8FDC-42A3-9474-1A3956D46DE8}") = "Services", "Services", "{43B48869-513B-4AF7-973E-49D13E3A0D5C}"
EndProject
Project("{2150E333-8FDC-42A3-9474-1A3956D46DE8}") = "Src", "Src", "{AB2B2CAA-1AAA-4395-B87A-CCCED8C1C8A1}"
EndProject
Project("{2150E333-8FDC-42A3-9474-1A3956D46DE8}") = "Tests", "Tests", "{B4AF52DB-C2F8-4880-A570-8B0B39D7279D}"
EndProject
Project("{9A19103F-16F7-4668-BE54-9A1E7A4F7556}") = "FoodMania.Services.Api", "FoodMania.Services.Api\FoodMania.Services.Api.csproj", "{EC969A20-9F5A-4804-B79C-ADC359E20A62}"
EndProject
Project("{9A19103F-16F7-4668-BE54-9A1E7A4F7556}") = "FoodMania.Application", "FoodMania.Application\FoodMania.Application.csproj", "{FCE5E071-3282-45F2-A16E-F6DCD8758413}"
EndProject
Project("{9A19103F-16F7-4668-BE54-9A1E7A4F7556}") = "FoodMania.Domain", "FoodMania.Domain\FoodMania.Domain.csproj", "{1BCB458F-7CDD-48C6-81C9-97C9DACE96F0}"
EndProject
Project("{9A19103F-16F7-4668-BE54-9A1E7A4F7556}") = "FoodMania.Infra.Data", "FoodMania.Infra.Data\FoodMania.Infra.Data.csproj", "{B8CC0987-DC82-4268-A310-8602668E4786}"
EndProject
Project("{9A19103F-16F7-4668-BE54-9A1E7A4F7556}") = "FoodMania.Service.Worker", "FoodMania-Service-Worker\FoodMania.Service.Worker.csproj", "{D36F359F-5991-47DD-8DA2-7C4DF24050FB}"
EndProject
Project("{9A19103F-16F7-4668-BE54-9A1E7A4F7556}") = "FoodMania.Infra", "FoodMania.Infra\FoodMania.Infra.csproj", "{942212D9-3311-4640-B01A-86BC1AE8373D}"
EndProject
Project("{9A19103F-16F7-4668-BE54-9A1E7A4F7556}") = "FoodMania.Infra.IoC", "FoodMania.Infra.IoC\FoodMania.Infra.IoC.csproj", "{36AF45DA-D294-46D6-A994-870911684A99}"
EndProject
Project("{FAE04EC0-301F-11D3-BF4B-00C04F79EFBC}") = "FoodMania.Application.Tests", "FoodMania.Application.Tests\FoodMania.Application.Tests.csproj", "{6F9D044D-5E81-42B2-89DD-5A68507B5B45}"
EndProject
Global
	GlobalSection(SolutionConfigurationPlatforms) = preSolution
		Debug|Any CPU = Debug|Any CPU
		Release|Any CPU = Release|Any CPU
	EndGlobalSection
	GlobalSection(ProjectConfigurationPlatforms) = postSolution
		{EC969A20-9F5A-4804-B79C-ADC359E20A62}.Debug|Any CPU.ActiveCfg = Debug|Any CPU
		{EC969A20-9F5A-4804-B79C-ADC359E20A62}.Debug|Any CPU.Build.0 = Debug|Any CPU
		{EC969A20-9F5A-4804-B79C-ADC359E20A62}.Release|Any CPU.ActiveCfg = Release|Any CPU
		{EC969A20-9F5A-4804-B79C-ADC359E20A62}.Release|Any CPU.Build.0 = Release|Any CPU
		{FCE5E071-3282-45F2-A16E-F6DCD8758413}.Debug|Any CPU.ActiveCfg = Debug|Any CPU
		{FCE5E071-3282-45F2-A16E-F6DCD8758413}.Debug|Any CPU.Build.0 = Debug|Any CPU
		{FCE5E071-3282-45F2-A16E-F6DCD8758413}.Release|Any CPU.ActiveCfg = Release|Any CPU
		{FCE5E071-3282-45F2-A16E-F6DCD8758413}.Release|Any CPU.Build.0 = Release|Any CPU
		{1BCB458F-7CDD-48C6-81C9-97C9DACE96F0}.Debug|Any CPU.ActiveCfg = Debug|Any CPU
		{1BCB458F-7CDD-48C6-81C9-97C9DACE96F0}.Debug|Any CPU.Build.0 = Debug|Any CPU
		{1BCB458F-7CDD-48C6-81C9-97C9DACE96F0}.Release|Any CPU.ActiveCfg = Release|Any CPU
		{1BCB458F-7CDD-48C6-81C9-97C9DACE96F0}.Release|Any CPU.Build.0 = Release|Any CPU
		{B8CC0987-DC82-4268-A310-8602668E4786}.Debug|Any CPU.ActiveCfg = Debug|Any CPU
		{B8CC0987-DC82-4268-A310-8602668E4786}.Debug|Any CPU.Build.0 = Debug|Any CPU
		{B8CC0987-DC82-4268-A310-8602668E4786}.Release|Any CPU.ActiveCfg = Release|Any CPU
		{B8CC0987-DC82-4268-A310-8602668E4786}.Release|Any CPU.Build.0 = Release|Any CPU
		{D36F359F-5991-47DD-8DA2-7C4DF24050FB}.Debug|Any CPU.ActiveCfg = Debug|Any CPU
		{D36F359F-5991-47DD-8DA2-7C4DF24050FB}.Debug|Any CPU.Build.0 = Debug|Any CPU
		{D36F359F-5991-47DD-8DA2-7C4DF24050FB}.Release|Any CPU.ActiveCfg = Release|Any CPU
		{D36F359F-5991-47DD-8DA2-7C4DF24050FB}.Release|Any CPU.Build.0 = Release|Any CPU
		{942212D9-3311-4640-B01A-86BC1AE8373D}.Debug|Any CPU.ActiveCfg = Debug|Any CPU
		{942212D9-3311-4640-B01A-86BC1AE8373D}.Debug|Any CPU.Build.0 = Debug|Any CPU
		{942212D9-3311-4640-B01A-86BC1AE8373D}.Release|Any CPU.ActiveCfg = Release|Any CPU
		{942212D9-3311-4640-B01A-86BC1AE8373D}.Release|Any CPU.Build.0 = Release|Any CPU
		{36AF45DA-D294-46D6-A994-870911684A99}.Debug|Any CPU.ActiveCfg = Debug|Any CPU
		{36AF45DA-D294-46D6-A994-870911684A99}.Debug|Any CPU.Build.0 = Debug|Any CPU
		{36AF45DA-D294-46D6-A994-870911684A99}.Release|Any CPU.ActiveCfg = Release|Any CPU
		{36AF45DA-D294-46D6-A994-870911684A99}.Release|Any CPU.Build.0 = Release|Any CPU
		{6F9D044D-5E81-42B2-89DD-5A68507B5B45}.Debug|Any CPU.ActiveCfg = Debug|Any CPU
		{6F9D044D-5E81-42B2-89DD-5A68507B5B45}.Debug|Any CPU.Build.0 = Debug|Any CPU
		{6F9D044D-5E81-42B2-89DD-5A68507B5B45}.Release|Any CPU.ActiveCfg = Release|Any CPU
		{6F9D044D-5E81-42B2-89DD-5A68507B5B45}.Release|Any CPU.Build.0 = Release|Any CPU
	EndGlobalSection
	GlobalSection(SolutionProperties) = preSolution
		HideSolutionNode = FALSE
	EndGlobalSection
	GlobalSection(NestedProjects) = preSolution
		{7F5B5234-D8C5-4ED9-8C1C-7BCCF85C53AC} = {AB2B2CAA-1AAA-4395-B87A-CCCED8C1C8A1}
		{BA86B7E3-1DAC-4A72-8A75-D75AB1B76C55} = {AB2B2CAA-1AAA-4395-B87A-CCCED8C1C8A1}
		{200885BE-A0B1-4CE5-ACCE-2791F3E8B204} = {AB2B2CAA-1AAA-4395-B87A-CCCED8C1C8A1}
		{43B48869-513B-4AF7-973E-49D13E3A0D5C} = {AB2B2CAA-1AAA-4395-B87A-CCCED8C1C8A1}
		{EC969A20-9F5A-4804-B79C-ADC359E20A62} = {43B48869-513B-4AF7-973E-49D13E3A0D5C}
		{FCE5E071-3282-45F2-A16E-F6DCD8758413} = {BA86B7E3-1DAC-4A72-8A75-D75AB1B76C55}
		{1BCB458F-7CDD-48C6-81C9-97C9DACE96F0} = {7F5B5234-D8C5-4ED9-8C1C-7BCCF85C53AC}
		{B8CC0987-DC82-4268-A310-8602668E4786} = {200885BE-A0B1-4CE5-ACCE-2791F3E8B204}
		{D36F359F-5991-47DD-8DA2-7C4DF24050FB} = {43B48869-513B-4AF7-973E-49D13E3A0D5C}
		{942212D9-3311-4640-B01A-86BC1AE8373D} = {200885BE-A0B1-4CE5-ACCE-2791F3E8B204}
		{36AF45DA-D294-46D6-A994-870911684A99} = {200885BE-A0B1-4CE5-ACCE-2791F3E8B204}
		{6F9D044D-5E81-42B2-89DD-5A68507B5B45} = {B4AF52DB-C2F8-4880-A570-8B0B39D7279D}
	EndGlobalSection
	GlobalSection(ExtensibilityGlobals) = postSolution
		SolutionGuid = {276AA16C-4FE6-49B5-99A4-76252A309FA6}
	EndGlobalSection
EndGlobal
